
Microsoft Visual Studio Solution File, Format Version 12.00
# Visual Studio 15
VisualStudioVersion = 15.0.28307.645
MinimumVisualStudioVersion = 10.0.40219.1
Project("{FAE04EC0-301F-11D3-BF4B-00C04F79EFBC}") = "CRUD_Razor_2_1", "CRUD_Razor_2_1\CRUD_Razor_2_1.csproj", "{EAC546B8-B341-4F03-B019-405753EA387B}"
EndProject
Global
	GlobalSection(SolutionConfigurationPlatforms) = preSolution
		Debug|Any CPU = Debug|Any CPU
		Release|Any CPU = Release|Any CPU
	EndGlobalSection
	GlobalSection(ProjectConfigurationPlatforms) = postSolution
		{EAC546B8-B341-4F03-B019-405753EA387B}.Debug|Any CPU.ActiveCfg = Debug|Any CPU
		{EAC546B8-B341-4F03-B019-405753EA387B}.Debug|Any CPU.Build.0 = Debug|Any CPU
		{EAC546B8-B341-4F03-B019-405753EA387B}.Release|Any CPU.ActiveCfg = Release|Any CPU
		{EAC546B8-B341-4F03-B019-405753EA387B}.Release|Any CPU.Build.0 = Release|Any CPU
	EndGlobalSection
	GlobalSection(SolutionProperties) = preSolution
		HideSolutionNode = FALSE
	EndGlobalSection
	GlobalSection(ExtensibilityGlobals) = postSolution
		SolutionGuid = {875A8DC4-09D7-4573-8DD8-836358F9FBC9}
	EndGlobalSection
EndGlobal
